// !$*UTF8*$!
{
	archiveVersion = 1;
	classes = {
	};
	objectVersion = 46;
	objects = {

/* Begin PBXBuildFile section */
		E3201E791BDD3B550068D42E /* AppDelegate.swift in Sources */ = {isa = PBXBuildFile; fileRef = E3201E781BDD3B550068D42E /* AppDelegate.swift */; };
		E3201E7B1BDD3B550068D42E /* ViewController.swift in Sources */ = {isa = PBXBuildFile; fileRef = E3201E7A1BDD3B550068D42E /* ViewController.swift */; };
		E3201E7E1BDD3B550068D42E /* Main.storyboard in Resources */ = {isa = PBXBuildFile; fileRef = E3201E7C1BDD3B550068D42E /* Main.storyboard */; };
		E3201E801BDD3B550068D42E /* Assets.xcassets in Resources */ = {isa = PBXBuildFile; fileRef = E3201E7F1BDD3B550068D42E /* Assets.xcassets */; };
		E3201E831BDD3B550068D42E /* LaunchScreen.storyboard in Resources */ = {isa = PBXBuildFile; fileRef = E3201E811BDD3B550068D42E /* LaunchScreen.storyboard */; };
/* End PBXBuildFile section */

/* Begin PBXFileReference section */
		E3201E751BDD3B550068D42E /* Learning0608.app */ = {isa = PBXFileReference; explicitFileType = wrapper.application; includeInIndex = 0; path = Learning0608.app; sourceTree = BUILT_PRODUCTS_DIR; };
		E3201E781BDD3B550068D42E /* AppDelegate.swift */ = {isa = PBXFileReference; lastKnownFileType = sourcecode.swift; path = AppDelegate.swift; sourceTree = "<group>"; };
		E3201E7A1BDD3B550068D42E /* ViewController.swift */ = {isa = PBXFileReference; lastKnownFileType = sourcecode.swift; path = ViewController.swift; sourceTree = "<group>"; };
		E3201E7D1BDD3B550068D42E /* Base */ = {isa = PBXFileReference; lastKnownFileType = file.storyboard; name = Base; path = Base.lproj/Main.storyboard; sourceTree = "<group>"; };
		E3201E7F1BDD3B550068D42E /* Assets.xcassets */ = {isa = PBXFileReference; lastKnownFileType = folder.assetcatalog; path = Assets.xcassets; sourceTree = "<group>"; };
		E3201E821BDD3B550068D42E /* Base */ = {isa = PBXFileReference; lastKnownFileType = file.storyboard; name = Base; path = Base.lproj/LaunchScreen.storyboard; sourceTree = "<group>"; };
		E3201E841BDD3B550068D42E /* Info.plist */ = {isa = PBXFileReference; lastKnownFileType = text.plist.xml; path = Info.plist; sourceTree = "<group>"; };
		E3201E8A1BDD3B6A0068D42E /* LearningNSuch0608.playground */ = {isa = PBXFileReference; lastKnownFileType = file.playground; path = LearningNSuch0608.playground; sourceTree = "<group>"; };
/* End PBXFileReference section */

/* Begin PBXFrameworksBuildPhase section */
		E3201E721BDD3B550068D42E /* Frameworks */ = {
			isa = PBXFrameworksBuildPhase;
			buildActionMask = 2147483647;
			files = (
			);
			runOnlyForDeploymentPostprocessing = 0;
		};
/* End PBXFrameworksBuildPhase section */

/* Begin PBXGroup section */
		E3201E6C1BDD3B550068D42E = {
			isa = PBXGroup;
			children = (
				E3201E771BDD3B550068D42E /* Learning0608 */,
				E3201E761BDD3B550068D42E /* Products */,
			);
			sourceTree = "<group>";
		};
		E3201E761BDD3B550068D42E /* Products */ = {
			isa = PBXGroup;
			children = (
				E3201E751BDD3B550068D42E /* Learning0608.app */,
			);
			name = Products;
			sourceTree = "<group>";
		};
		E3201E771BDD3B550068D42E /* Learning0608 */ = {
			isa = PBXGroup;
			children = (
				E3201E781BDD3B550068D42E /* AppDelegate.swift */,
				E3201E7A1BDD3B550068D42E /* ViewController.swift */,
				E3201E7C1BDD3B550068D42E /* Main.storyboard */,
				E3201E7F1BDD3B550068D42E /* Assets.xcassets */,
				E3201E811BDD3B550068D42E /* LaunchScreen.storyboard */,
				E3201E841BDD3B550068D42E /* Info.plist */,
				E3201E8A1BDD3B6A0068D42E /* LearningNSuch0608.playground */,
			);
			path = Learning0608;
			sourceTree = "<group>";
		};
/* End PBXGroup section */

/* Begin PBXNativeTarget section */
		E3201E741BDD3B550068D42E /* Learning0608 */ = {
			isa = PBXNativeTarget;
			buildConfigurationList = E3201E871BDD3B550068D42E /* Build configuration list for PBXNativeTarget "Learning0608" */;
			buildPhases = (
				E3201E711BDD3B550068D42E /* Sources */,
				E3201E721BDD3B550068D42E /* Frameworks */,
				E3201E731BDD3B550068D42E /* Resources */,
			);
			buildRules = (
			);
			dependencies = (
			);
			name = Learning0608;
			productName = Learning0608;
			productReference = E3201E751BDD3B550068D42E /* Learning0608.app */;
			productType = "com.apple.product-type.application";
		};
/* End PBXNativeTarget section */

/* Begin PBXProject section */
		E3201E6D1BDD3B550068D42E /* Project object */ = {
			isa = PBXProject;
			attributes = {
				LastSwiftUpdateCheck = 0710;
				LastUpgradeCheck = 0710;
				ORGANIZATIONNAME = "Hezekiah Adedoyin";
				TargetAttributes = {
					E3201E741BDD3B550068D42E = {
						CreatedOnToolsVersion = 7.1;
					};
				};
			};
			buildConfigurationList = E3201E701BDD3B550068D42E /* Build configuration list for PBXProject "Learning0608" */;
			compatibilityVersion = "Xcode 3.2";
			developmentRegion = English;
			hasScannedForEncodings = 0;
			knownRegions = (
				en,
				Base,
			);
			mainGroup = E3201E6C1BDD3B550068D42E;
			productRefGroup = E3201E761BDD3B550068D42E /* Products */;
			projectDirPath = "";
			projectRoot = "";
			targets = (
				E3201E741BDD3B550068D42E /* Learning0608 */,
			);
		};
/* End PBXProject section */

/* Begin PBXResourcesBuildPhase section */
		E3201E731BDD3B550068D42E /* Resources */ = {
			isa = PBXResourcesBuildPhase;
			buildActionMask = 2147483647;
			files = (
				E3201E831BDD3B550068D42E /* LaunchScreen.storyboard in Resources */,
				E3201E801BDD3B550068D42E /* Assets.xcassets in Resources */,
				E3201E7E1BDD3B550068D42E /* Main.storyboard in Resources */,
			);
			runOnlyForDeploymentPostprocessing = 0;
		};
/* End PBXResourcesBuildPhase section */

/* Begin PBXSourcesBuildPhase section */
		E3201E711BDD3B550068D42E /* Sources */ = {
			isa = PBXSourcesBuildPhase;
			buildActionMask = 2147483647;
			files = (
				E3201E7B1BDD3B550068D42E /* ViewController.swift in Sources */,
				E3201E791BDD3B550068D42E /* AppDelegate.swift in Sources */,
			);
			runOnlyForDeploymentPostprocessing = 0;
		};
/* End PBXSourcesBuildPhase section */

/* Begin PBXVariantGroup section */
		E3201E7C1BDD3B550068D42E /* Main.storyboard */ = {
			isa = PBXVariantGroup;
			children = (
				E3201E7D1BDD3B550068D42E /* Base */,
			);
			name = Main.storyboard;
			sourceTree = "<group>";
		};
		E3201E811BDD3B550068D42E /* LaunchScreen.storyboard */ = {
			isa = PBXVariantGroup;
			children = (
				E3201E821BDD3B550068D42E /* Base */,
			);
			name = LaunchScreen.storyboard;
			sourceTree = "<group>";
		};
/* End PBXVariantGroup section */

/* Begin XCBuildConfiguration section */
		E3201E851BDD3B550068D42E /* Debug */ = {
			isa = XCBuildConfiguration;
			buildSettings = {
				ALWAYS_SEARCH_USER_PATHS = NO;
				CLANG_CXX_LANGUAGE_STANDARD = "gnu++0x";
				CLANG_CXX_LIBRARY = "libc++";
				CLANG_ENABLE_MODULES = YES;
				CLANG_ENABLE_OBJC_ARC = YES;
				CLANG_WARN_BOOL_CONVERSION = YES;
				CLANG_WARN_CONSTANT_CONVERSION = YES;
				CLANG_WARN_DIRECT_OBJC_ISA_USAGE = YES_ERROR;
				CLANG_WARN_EMPTY_BODY = YES;
				CLANG_WARN_ENUM_CONVERSION = YES;
				CLANG_WARN_INT_CONVERSION = YES;
				CLANG_WARN_OBJC_ROOT_CLASS = YES_ERROR;
				CLANG_WARN_UNREACHABLE_CODE = YES;
				CLANG_WARN__DUPLICATE_METHOD_MATCH = YES;
				"CODE_SIGN_IDENTITY[sdk=iphoneos*]" = "iPhone Developer";
				COPY_PHASE_STRIP = NO;
				DEBUG_INFORMATION_FORMAT = dwarf;
				ENABLE_STRICT_OBJC_MSGSEND = YES;
				ENABLE_TESTABILITY = YES;
				GCC_C_LANGUAGE_STANDARD = gnu99;
				GCC_DYNAMIC_NO_PIC = NO;
				GCC_NO_COMMON_BLOCKS = YES;
				GCC_OPTIMIZATION_LEVEL = 0;
				GCC_PREPROCESSOR_DEFINITIONS = (
					"DEBUG=1",
					"$(inherited)",
				);
				GCC_WARN_64_TO_32_BIT_CONVERSION = YES;
				GCC_WARN_ABOUT_RETURN_TYPE = YES_ERROR;
				GCC_WARN_UNDECLARED_SELECTOR = YES;
				GCC_WARN_UNINITIALIZED_AUTOS = YES_AGGRESSIVE;
				GCC_WARN_UNUSED_FUNCTION = YES;
				GCC_WARN_UNUSED_VARIABLE = YES;
				IPHONEOS_DEPLOYMENT_TARGET = 9.1;
				MTL_ENABLE_DEBUG_INFO = YES;
				ONLY_ACTIVE_ARCH = YES;
				SDKROOT = iphoneos;
				SWIFT_OPTIMIZATION_LEVEL = "-Onone";
			};
			name = Debug;
		};
		E3201E861BDD3B550068D42E /* Release */ = {
			isa = XCBuildConfiguration;
			buildSettings = {
				ALWAYS_SEARCH_USER_PATHS = NO;
				CLANG_CXX_LANGUAGE_STANDARD = "gnu++0x";
				CLANG_CXX_LIBRARY = "libc++";
				CLANG_ENABLE_MODULES = YES;
				CLANG_ENABLE_OBJC_ARC = YES;
				CLANG_WARN_BOOL_CONVERSION = YES;
				CLANG_WARN_CONSTANT_CONVERSION = YES;
				CLANG_WARN_DIRECT_OBJC_ISA_USAGE = YES_ERROR;
				CLANG_WARN_EMPTY_BODY = YES;
				CLANG_WARN_ENUM_CONVERSION = YES;
				CLANG_WARN_INT_CONVERSION = YES;
				CLANG_WARN_OBJC_ROOT_CLASS = YES_ERROR;
				CLANG_WARN_UNREACHABLE_CODE = YES;
				CLANG_WARN__DUPLICATE_METHOD_MATCH = YES;
				"CODE_SIGN_IDENTITY[sdk=iphoneos*]" = "iPhone Developer";
				COPY_PHASE_STRIP = NO;
				DEBUG_INFORMATION_FORMAT = "dwarf-with-dsym";
				ENABLE_NS_ASSERTIONS = NO;
				ENABLE_STRICT_OBJC_MSGSEND = YES;
				GCC_C_LANGUAGE_STANDARD = gnu99;
				GCC_NO_COMMON_BLOCKS = YES;
				GCC_WARN_64_TO_32_BIT_CONVERSION = YES;
				GCC_WARN_ABOUT_RETURN_TYPE = YES_ERROR;
				GCC_WARN_UNDECLARED_SELECTOR = YES;
				GCC_WARN_UNINITIALIZED_AUTOS = YES_AGGRESSIVE;
				GCC_WARN_UNUSED_FUNCTION = YES;
				GCC_WARN_UNUSED_VARIABLE = YES;
				IPHONEOS_DEPLOYMENT_TARGET = 9.1;
				MTL_ENABLE_DEBUG_INFO = NO;
				SDKROOT = iphoneos;
				VALIDATE_PRODUCT = YES;
			};
			name = Release;
		};
		E3201E881BDD3B550068D42E /* Debug */ = {
			isa = XCBuildConfiguration;
			buildSettings = {
				ASSETCATALOG_COMPILER_APPICON_NAME = AppIcon;
				INFOPLIST_FILE = Learning0608/Info.plist;
				LD_RUNPATH_SEARCH_PATHS = "$(inherited) @executable_path/Frameworks";
				PRODUCT_BUNDLE_IDENTIFIER = com.hezplus.challenge.Learning0608;
				PRODUCT_NAME = "$(TARGET_NAME)";
			};
			name = Debug;
		};
		E3201E891BDD3B550068D42E /* Release */ = {
			isa = XCBuildConfiguration;
			buildSettings = {
				ASSETCATALOG_COMPILER_APPICON_NAME = AppIcon;
				INFOPLIST_FILE = Learning0608/Info.plist;
				LD_RUNPATH_SEARCH_PATHS = "$(inherited) @executable_path/Frameworks";
				PRODUCT_BUNDLE_IDENTIFIER = com.hezplus.challenge.Learning0608;
				PRODUCT_NAME = "$(TARGET_NAME)";
			};
			name = Release;
		};
/* End XCBuildConfiguration section */

/* Begin XCConfigurationList section */
		E3201E701BDD3B550068D42E /* Build configuration list for PBXProject "Learning0608" */ = {
			isa = XCConfigurationList;
			buildConfigurations = (
				E3201E851BDD3B550068D42E /* Debug */,
				E3201E861BDD3B550068D42E /* Release */,
			);
			defaultConfigurationIsVisible = 0;
			defaultConfigurationName = Release;
		};
		E3201E871BDD3B550068D42E /* Build configuration list for PBXNativeTarget "Learning0608" */ = {
			isa = XCConfigurationList;
			buildConfigurations = (
				E3201E881BDD3B550068D42E /* Debug */,
				E3201E891BDD3B550068D42E /* Release */,
			);
			defaultConfigurationIsVisible = 0;
		};
/* End XCConfigurationList section */
	};
	rootObject = E3201E6D1BDD3B550068D42E /* Project object */;
}
